
Microsoft Visual Studio Solution File, Format Version 12.00
# Visual Studio Version 17
VisualStudioVersion = 17.7.34018.315
MinimumVisualStudioVersion = 10.0.40219.1
Project("{FAE04EC0-301F-11D3-BF4B-00C04F79EFBC}") = "inlämning 7 listor", "inlämning 7 listor\inlämning 7 listor.csproj", "{136A64E1-5A5D-4497-A345-316BDA2AEAA7}"
EndProject
Global
	GlobalSection(SolutionConfigurationPlatforms) = preSolution
		Debug|Any CPU = Debug|Any CPU
		Release|Any CPU = Release|Any CPU
	EndGlobalSection
	GlobalSection(ProjectConfigurationPlatforms) = postSolution
		{136A64E1-5A5D-4497-A345-316BDA2AEAA7}.Debug|Any CPU.ActiveCfg = Debug|Any CPU
		{136A64E1-5A5D-4497-A345-316BDA2AEAA7}.Debug|Any CPU.Build.0 = Debug|Any CPU
		{136A64E1-5A5D-4497-A345-316BDA2AEAA7}.Release|Any CPU.ActiveCfg = Release|Any CPU
		{136A64E1-5A5D-4497-A345-316BDA2AEAA7}.Release|Any CPU.Build.0 = Release|Any CPU
	EndGlobalSection
	GlobalSection(SolutionProperties) = preSolution
		HideSolutionNode = FALSE
	EndGlobalSection
	GlobalSection(ExtensibilityGlobals) = postSolution
		SolutionGuid = {C488C091-A07A-4867-A8A7-8CFF983A6462}
	EndGlobalSection
EndGlobal
